
Microsoft Visual Studio Solution File, Format Version 12.00
# Visual Studio Version 16
VisualStudioVersion = 16.0.31005.135
MinimumVisualStudioVersion = 10.0.40219.1
Project("{FAE04EC0-301F-11D3-BF4B-00C04F79EFBC}") = "Marshmellowmed_EllaShartiel_NectarShavit_RoniEbenEzra.Server", "Server\Marshmellowmed_EllaShartiel_NectarShavit_RoniEbenEzra.Server.csproj", "{8BEB1CD8-BAF1-4659-8AB6-B5CD4BCE441A}"
EndProject
Project("{FAE04EC0-301F-11D3-BF4B-00C04F79EFBC}") = "Marshmellowmed_EllaShartiel_NectarShavit_RoniEbenEzra.Client", "Client\Marshmellowmed_EllaShartiel_NectarShavit_RoniEbenEzra.Client.csproj", "{4F3B600F-3C25-4143-B1AE-0EB8081CCEBB}"
EndProject
Project("{FAE04EC0-301F-11D3-BF4B-00C04F79EFBC}") = "Marshmellowmed_EllaShartiel_NectarShavit_RoniEbenEzra.Shared", "Shared\Marshmellowmed_EllaShartiel_NectarShavit_RoniEbenEzra.Shared.csproj", "{82991972-4876-41B8-A259-AE2E2FC9F49B}"
EndProject
Global
	GlobalSection(SolutionConfigurationPlatforms) = preSolution
		Debug|Any CPU = Debug|Any CPU
		Release|Any CPU = Release|Any CPU
	EndGlobalSection
	GlobalSection(ProjectConfigurationPlatforms) = postSolution
		{8BEB1CD8-BAF1-4659-8AB6-B5CD4BCE441A}.Debug|Any CPU.ActiveCfg = Debug|Any CPU
		{8BEB1CD8-BAF1-4659-8AB6-B5CD4BCE441A}.Debug|Any CPU.Build.0 = Debug|Any CPU
		{8BEB1CD8-BAF1-4659-8AB6-B5CD4BCE441A}.Release|Any CPU.ActiveCfg = Release|Any CPU
		{8BEB1CD8-BAF1-4659-8AB6-B5CD4BCE441A}.Release|Any CPU.Build.0 = Release|Any CPU
		{4F3B600F-3C25-4143-B1AE-0EB8081CCEBB}.Debug|Any CPU.ActiveCfg = Debug|Any CPU
		{4F3B600F-3C25-4143-B1AE-0EB8081CCEBB}.Debug|Any CPU.Build.0 = Debug|Any CPU
		{4F3B600F-3C25-4143-B1AE-0EB8081CCEBB}.Release|Any CPU.ActiveCfg = Release|Any CPU
		{4F3B600F-3C25-4143-B1AE-0EB8081CCEBB}.Release|Any CPU.Build.0 = Release|Any CPU
		{82991972-4876-41B8-A259-AE2E2FC9F49B}.Debug|Any CPU.ActiveCfg = Debug|Any CPU
		{82991972-4876-41B8-A259-AE2E2FC9F49B}.Debug|Any CPU.Build.0 = Debug|Any CPU
		{82991972-4876-41B8-A259-AE2E2FC9F49B}.Release|Any CPU.ActiveCfg = Release|Any CPU
		{82991972-4876-41B8-A259-AE2E2FC9F49B}.Release|Any CPU.Build.0 = Release|Any CPU
	EndGlobalSection
	GlobalSection(SolutionProperties) = preSolution
		HideSolutionNode = FALSE
	EndGlobalSection
	GlobalSection(ExtensibilityGlobals) = postSolution
		SolutionGuid = {A52E0B15-4BF1-41F0-9240-3260C852B06D}
	EndGlobalSection
EndGlobal
